
Microsoft Visual Studio Solution File, Format Version 12.00
# Visual Studio Version 17
VisualStudioVersion = 17.12.35707.178 d17.12
MinimumVisualStudioVersion = 15.0.26124.0
Project("{9A19103F-16F7-4668-BE54-9A1E7A4F7556}") = "PexCard.Api.Client", "src\PexCard.Api.Client\PexCard.Api.Client.csproj", "{CDE791BD-6E70-4753-861E-64B2700B49DE}"
EndProject
Project("{9A19103F-16F7-4668-BE54-9A1E7A4F7556}") = "PexCard.Api.Client.Core", "src\PexCard.Api.Client.Core\PexCard.Api.Client.Core.csproj", "{5CEC6826-2DAD-4CAA-A76B-0FE3DA545EDC}"
EndProject
Project("{9A19103F-16F7-4668-BE54-9A1E7A4F7556}") = "PexCard.Api.Client.Core.Tests", "tests\PexCard.Api.Client.Core.Tests\PexCard.Api.Client.Core.Tests.csproj", "{13E692E0-2D2D-42C9-BDD1-EA25EE61833D}"
EndProject
Project("{2150E333-8FDC-42A3-9474-1A3956D46DE8}") = "src", "src", "{AC00E463-066D-4584-A045-AEC7890F3523}"
EndProject
Project("{2150E333-8FDC-42A3-9474-1A3956D46DE8}") = "tests", "tests", "{33A3F543-DFB5-47C0-A7EC-2B698DC39852}"
EndProject
Project("{FAE04EC0-301F-11D3-BF4B-00C04F79EFBC}") = "PexCard.Api.AspNetCore", "src\PexCard.Api.AspNetCore\PexCard.Api.AspNetCore.csproj", "{D02A8771-6B7B-4244-A92B-7C30BDE3EA6E}"
EndProject
Global
	GlobalSection(SolutionConfigurationPlatforms) = preSolution
		Debug|Any CPU = Debug|Any CPU
		Release|Any CPU = Release|Any CPU
	EndGlobalSection
	GlobalSection(ProjectConfigurationPlatforms) = postSolution
		{CDE791BD-6E70-4753-861E-64B2700B49DE}.Debug|Any CPU.ActiveCfg = Debug|Any CPU
		{CDE791BD-6E70-4753-861E-64B2700B49DE}.Debug|Any CPU.Build.0 = Debug|Any CPU
		{CDE791BD-6E70-4753-861E-64B2700B49DE}.Release|Any CPU.ActiveCfg = Release|Any CPU
		{CDE791BD-6E70-4753-861E-64B2700B49DE}.Release|Any CPU.Build.0 = Release|Any CPU
		{5CEC6826-2DAD-4CAA-A76B-0FE3DA545EDC}.Debug|Any CPU.ActiveCfg = Debug|Any CPU
		{5CEC6826-2DAD-4CAA-A76B-0FE3DA545EDC}.Debug|Any CPU.Build.0 = Debug|Any CPU
		{5CEC6826-2DAD-4CAA-A76B-0FE3DA545EDC}.Release|Any CPU.ActiveCfg = Release|Any CPU
		{5CEC6826-2DAD-4CAA-A76B-0FE3DA545EDC}.Release|Any CPU.Build.0 = Release|Any CPU
		{13E692E0-2D2D-42C9-BDD1-EA25EE61833D}.Debug|Any CPU.ActiveCfg = Debug|Any CPU
		{13E692E0-2D2D-42C9-BDD1-EA25EE61833D}.Debug|Any CPU.Build.0 = Debug|Any CPU
		{13E692E0-2D2D-42C9-BDD1-EA25EE61833D}.Release|Any CPU.ActiveCfg = Release|Any CPU
		{13E692E0-2D2D-42C9-BDD1-EA25EE61833D}.Release|Any CPU.Build.0 = Release|Any CPU
		{D02A8771-6B7B-4244-A92B-7C30BDE3EA6E}.Debug|Any CPU.ActiveCfg = Debug|Any CPU
		{D02A8771-6B7B-4244-A92B-7C30BDE3EA6E}.Debug|Any CPU.Build.0 = Debug|Any CPU
		{D02A8771-6B7B-4244-A92B-7C30BDE3EA6E}.Release|Any CPU.ActiveCfg = Release|Any CPU
		{D02A8771-6B7B-4244-A92B-7C30BDE3EA6E}.Release|Any CPU.Build.0 = Release|Any CPU
	EndGlobalSection
	GlobalSection(SolutionProperties) = preSolution
		HideSolutionNode = FALSE
	EndGlobalSection
	GlobalSection(NestedProjects) = preSolution
		{CDE791BD-6E70-4753-861E-64B2700B49DE} = {AC00E463-066D-4584-A045-AEC7890F3523}
		{5CEC6826-2DAD-4CAA-A76B-0FE3DA545EDC} = {AC00E463-066D-4584-A045-AEC7890F3523}
		{13E692E0-2D2D-42C9-BDD1-EA25EE61833D} = {33A3F543-DFB5-47C0-A7EC-2B698DC39852}
		{D02A8771-6B7B-4244-A92B-7C30BDE3EA6E} = {AC00E463-066D-4584-A045-AEC7890F3523}
	EndGlobalSection
	GlobalSection(ExtensibilityGlobals) = postSolution
		SolutionGuid = {F5694839-EDEE-4298-A670-20869624E84B}
	EndGlobalSection
EndGlobal
